// !$*UTF8*$!
{
	archiveVersion = 1;
	classes = {
	};
	objectVersion = 46;
	objects = {

/* Begin PBXBuildFile section */
		4ADF94961A951C2100FCF9BD /* main.m in Sources */ = {isa = PBXBuildFile; fileRef = 4ADF94951A951C2100FCF9BD /* main.m */; };
		4ADF94991A951C2100FCF9BD /* AppDelegate.m in Sources */ = {isa = PBXBuildFile; fileRef = 4ADF94981A951C2100FCF9BD /* AppDelegate.m */; };
		4ADF949C1A951C2100FCF9BD /* ViewController.m in Sources */ = {isa = PBXBuildFile; fileRef = 4ADF949B1A951C2100FCF9BD /* ViewController.m */; };
		4ADF949F1A951C2100FCF9BD /* Main.storyboard in Resources */ = {isa = PBXBuildFile; fileRef = 4ADF949D1A951C2100FCF9BD /* Main.storyboard */; };
		4ADF94A11A951C2100FCF9BD /* Images.xcassets in Resources */ = {isa = PBXBuildFile; fileRef = 4ADF94A01A951C2100FCF9BD /* Images.xcassets */; };
		4ADF94A41A951C2100FCF9BD /* LaunchScreen.xib in Resources */ = {isa = PBXBuildFile; fileRef = 4ADF94A21A951C2100FCF9BD /* LaunchScreen.xib */; };
		4ADF94B01A951C2100FCF9BD /* SCCFTests.m in Sources */ = {isa = PBXBuildFile; fileRef = 4ADF94AF1A951C2100FCF9BD /* SCCFTests.m */; };
/* End PBXBuildFile section */

/* Begin PBXContainerItemProxy section */
		4ADF94AA1A951C2100FCF9BD /* PBXContainerItemProxy */ = {
			isa = PBXContainerItemProxy;
			containerPortal = 4ADF94881A951C2100FCF9BD /* Project object */;
			proxyType = 1;
			remoteGlobalIDString = 4ADF948F1A951C2100FCF9BD;
			remoteInfo = SCCF;
		};
/* End PBXContainerItemProxy section */

/* Begin PBXFileReference section */
		4ADF94901A951C2100FCF9BD /* SCCF.app */ = {isa = PBXFileReference; explicitFileType = wrapper.application; includeInIndex = 0; path = SCCF.app; sourceTree = BUILT_PRODUCTS_DIR; };
		4ADF94941A951C2100FCF9BD /* Info.plist */ = {isa = PBXFileReference; lastKnownFileType = text.plist.xml; path = Info.plist; sourceTree = "<group>"; };
		4ADF94951A951C2100FCF9BD /* main.m */ = {isa = PBXFileReference; lastKnownFileType = sourcecode.c.objc; path = main.m; sourceTree = "<group>"; };
		4ADF94971A951C2100FCF9BD /* AppDelegate.h */ = {isa = PBXFileReference; lastKnownFileType = sourcecode.c.h; path = AppDelegate.h; sourceTree = "<group>"; };
		4ADF94981A951C2100FCF9BD /* AppDelegate.m */ = {isa = PBXFileReference; lastKnownFileType = sourcecode.c.objc; path = AppDelegate.m; sourceTree = "<group>"; };
		4ADF949A1A951C2100FCF9BD /* ViewController.h */ = {isa = PBXFileReference; lastKnownFileType = sourcecode.c.h; path = ViewController.h; sourceTree = "<group>"; };
		4ADF949B1A951C2100FCF9BD /* ViewController.m */ = {isa = PBXFileReference; lastKnownFileType = sourcecode.c.objc; path = ViewController.m; sourceTree = "<group>"; };
		4ADF949E1A951C2100FCF9BD /* Base */ = {isa = PBXFileReference; lastKnownFileType = file.storyboard; name = Base; path = Base.lproj/Main.storyboard; sourceTree = "<group>"; };
		4ADF94A01A951C2100FCF9BD /* Images.xcassets */ = {isa = PBXFileReference; lastKnownFileType = folder.assetcatalog; path = Images.xcassets; sourceTree = "<group>"; };
		4ADF94A31A951C2100FCF9BD /* Base */ = {isa = PBXFileReference; lastKnownFileType = file.xib; name = Base; path = Base.lproj/LaunchScreen.xib; sourceTree = "<group>"; };
		4ADF94A91A951C2100FCF9BD /* SCCFTests.xctest */ = {isa = PBXFileReference; explicitFileType = wrapper.cfbundle; includeInIndex = 0; path = SCCFTests.xctest; sourceTree = BUILT_PRODUCTS_DIR; };
		4ADF94AE1A951C2100FCF9BD /* Info.plist */ = {isa = PBXFileReference; lastKnownFileType = text.plist.xml; path = Info.plist; sourceTree = "<group>"; };
		4ADF94AF1A951C2100FCF9BD /* SCCFTests.m */ = {isa = PBXFileReference; lastKnownFileType = sourcecode.c.objc; path = SCCFTests.m; sourceTree = "<group>"; };
/* End PBXFileReference section */

/* Begin PBXFrameworksBuildPhase section */
		4ADF948D1A951C2100FCF9BD /* Frameworks */ = {
			isa = PBXFrameworksBuildPhase;
			buildActionMask = 2147483647;
			files = (
			);
			runOnlyForDeploymentPostprocessing = 0;
		};
		4ADF94A61A951C2100FCF9BD /* Frameworks */ = {
			isa = PBXFrameworksBuildPhase;
			buildActionMask = 2147483647;
			files = (
			);
			runOnlyForDeploymentPostprocessing = 0;
		};
/* End PBXFrameworksBuildPhase section */

/* Begin PBXGroup section */
		4ADF94871A951C2100FCF9BD = {
			isa = PBXGroup;
			children = (
				4ADF94921A951C2100FCF9BD /* SCCF */,
				4ADF94AC1A951C2100FCF9BD /* SCCFTests */,
				4ADF94911A951C2100FCF9BD /* Products */,
			);
			sourceTree = "<group>";
		};
		4ADF94911A951C2100FCF9BD /* Products */ = {
			isa = PBXGroup;
			children = (
				4ADF94901A951C2100FCF9BD /* SCCF.app */,
				4ADF94A91A951C2100FCF9BD /* SCCFTests.xctest */,
			);
			name = Products;
			sourceTree = "<group>";
		};
		4ADF94921A951C2100FCF9BD /* SCCF */ = {
			isa = PBXGroup;
			children = (
				4ADF94971A951C2100FCF9BD /* AppDelegate.h */,
				4ADF94981A951C2100FCF9BD /* AppDelegate.m */,
				4ADF949A1A951C2100FCF9BD /* ViewController.h */,
				4ADF949B1A951C2100FCF9BD /* ViewController.m */,
				4ADF949D1A951C2100FCF9BD /* Main.storyboard */,
				4ADF94A01A951C2100FCF9BD /* Images.xcassets */,
				4ADF94A21A951C2100FCF9BD /* LaunchScreen.xib */,
				4ADF94931A951C2100FCF9BD /* Supporting Files */,
			);
			path = SCCF;
			sourceTree = "<group>";
		};
		4ADF94931A951C2100FCF9BD /* Supporting Files */ = {
			isa = PBXGroup;
			children = (
				4ADF94941A951C2100FCF9BD /* Info.plist */,
				4ADF94951A951C2100FCF9BD /* main.m */,
			);
			name = "Supporting Files";
			sourceTree = "<group>";
		};
		4ADF94AC1A951C2100FCF9BD /* SCCFTests */ = {
			isa = PBXGroup;
			children = (
				4ADF94AF1A951C2100FCF9BD /* SCCFTests.m */,
				4ADF94AD1A951C2100FCF9BD /* Supporting Files */,
			);
			path = SCCFTests;
			sourceTree = "<group>";
		};
		4ADF94AD1A951C2100FCF9BD /* Supporting Files */ = {
			isa = PBXGroup;
			children = (
				4ADF94AE1A951C2100FCF9BD /* Info.plist */,
			);
			name = "Supporting Files";
			sourceTree = "<group>";
		};
/* End PBXGroup section */

/* Begin PBXNativeTarget section */
		4ADF948F1A951C2100FCF9BD /* SCCF */ = {
			isa = PBXNativeTarget;
			buildConfigurationList = 4ADF94B31A951C2100FCF9BD /* Build configuration list for PBXNativeTarget "SCCF" */;
			buildPhases = (
				4ADF948C1A951C2100FCF9BD /* Sources */,
				4ADF948D1A951C2100FCF9BD /* Frameworks */,
				4ADF948E1A951C2100FCF9BD /* Resources */,
			);
			buildRules = (
			);
			dependencies = (
			);
			name = SCCF;
			productName = SCCF;
			productReference = 4ADF94901A951C2100FCF9BD /* SCCF.app */;
			productType = "com.apple.product-type.application";
		};
		4ADF94A81A951C2100FCF9BD /* SCCFTests */ = {
			isa = PBXNativeTarget;
			buildConfigurationList = 4ADF94B61A951C2100FCF9BD /* Build configuration list for PBXNativeTarget "SCCFTests" */;
			buildPhases = (
				4ADF94A51A951C2100FCF9BD /* Sources */,
				4ADF94A61A951C2100FCF9BD /* Frameworks */,
				4ADF94A71A951C2100FCF9BD /* Resources */,
			);
			buildRules = (
			);
			dependencies = (
				4ADF94AB1A951C2100FCF9BD /* PBXTargetDependency */,
			);
			name = SCCFTests;
			productName = SCCFTests;
			productReference = 4ADF94A91A951C2100FCF9BD /* SCCFTests.xctest */;
			productType = "com.apple.product-type.bundle.unit-test";
		};
/* End PBXNativeTarget section */

/* Begin PBXProject section */
		4ADF94881A951C2100FCF9BD /* Project object */ = {
			isa = PBXProject;
			attributes = {
				LastUpgradeCheck = 0610;
				ORGANIZATIONNAME = "Kenneth Coury";
				TargetAttributes = {
					4ADF948F1A951C2100FCF9BD = {
						CreatedOnToolsVersion = 6.1;
					};
					4ADF94A81A951C2100FCF9BD = {
						CreatedOnToolsVersion = 6.1;
						TestTargetID = 4ADF948F1A951C2100FCF9BD;
					};
				};
			};
			buildConfigurationList = 4ADF948B1A951C2100FCF9BD /* Build configuration list for PBXProject "SCCF" */;
			compatibilityVersion = "Xcode 3.2";
			developmentRegion = English;
			hasScannedForEncodings = 0;
			knownRegions = (
				en,
				Base,
			);
			mainGroup = 4ADF94871A951C2100FCF9BD;
			productRefGroup = 4ADF94911A951C2100FCF9BD /* Products */;
			projectDirPath = "";
			projectRoot = "";
			targets = (
				4ADF948F1A951C2100FCF9BD /* SCCF */,
				4ADF94A81A951C2100FCF9BD /* SCCFTests */,
			);
		};
/* End PBXProject section */

/* Begin PBXResourcesBuildPhase section */
		4ADF948E1A951C2100FCF9BD /* Resources */ = {
			isa = PBXResourcesBuildPhase;
			buildActionMask = 2147483647;
			files = (
				4ADF949F1A951C2100FCF9BD /* Main.storyboard in Resources */,
				4ADF94A41A951C2100FCF9BD /* LaunchScreen.xib in Resources */,
				4ADF94A11A951C2100FCF9BD /* Images.xcassets in Resources */,
			);
			runOnlyForDeploymentPostprocessing = 0;
		};
		4ADF94A71A951C2100FCF9BD /* Resources */ = {
			isa = PBXResourcesBuildPhase;
			buildActionMask = 2147483647;
			files = (
			);
			runOnlyForDeploymentPostprocessing = 0;
		};
/* End PBXResourcesBuildPhase section */

/* Begin PBXSourcesBuildPhase section */
		4ADF948C1A951C2100FCF9BD /* Sources */ = {
			isa = PBXSourcesBuildPhase;
			buildActionMask = 2147483647;
			files = (
				4ADF949C1A951C2100FCF9BD /* ViewController.m in Sources */,
				4ADF94991A951C2100FCF9BD /* AppDelegate.m in Sources */,
				4ADF94961A951C2100FCF9BD /* main.m in Sources */,
			);
			runOnlyForDeploymentPostprocessing = 0;
		};
		4ADF94A51A951C2100FCF9BD /* Sources */ = {
			isa = PBXSourcesBuildPhase;
			buildActionMask = 2147483647;
			files = (
				4ADF94B01A951C2100FCF9BD /* SCCFTests.m in Sources */,
			);
			runOnlyForDeploymentPostprocessing = 0;
		};
/* End PBXSourcesBuildPhase section */

/* Begin PBXTargetDependency section */
		4ADF94AB1A951C2100FCF9BD /* PBXTargetDependency */ = {
			isa = PBXTargetDependency;
			target = 4ADF948F1A951C2100FCF9BD /* SCCF */;
			targetProxy = 4ADF94AA1A951C2100FCF9BD /* PBXContainerItemProxy */;
		};
/* End PBXTargetDependency section */

/* Begin PBXVariantGroup section */
		4ADF949D1A951C2100FCF9BD /* Main.storyboard */ = {
			isa = PBXVariantGroup;
			children = (
				4ADF949E1A951C2100FCF9BD /* Base */,
			);
			name = Main.storyboard;
			sourceTree = "<group>";
		};
		4ADF94A21A951C2100FCF9BD /* LaunchScreen.xib */ = {
			isa = PBXVariantGroup;
			children = (
				4ADF94A31A951C2100FCF9BD /* Base */,
			);
			name = LaunchScreen.xib;
			sourceTree = "<group>";
		};
/* End PBXVariantGroup section */

/* Begin XCBuildConfiguration section */
		4ADF94B11A951C2100FCF9BD /* Debug */ = {
			isa = XCBuildConfiguration;
			buildSettings = {
				ALWAYS_SEARCH_USER_PATHS = NO;
				CLANG_CXX_LANGUAGE_STANDARD = "gnu++0x";
				CLANG_CXX_LIBRARY = "libc++";
				CLANG_ENABLE_MODULES = YES;
				CLANG_ENABLE_OBJC_ARC = YES;
				CLANG_WARN_BOOL_CONVERSION = YES;
				CLANG_WARN_CONSTANT_CONVERSION = YES;
				CLANG_WARN_DIRECT_OBJC_ISA_USAGE = YES_ERROR;
				CLANG_WARN_EMPTY_BODY = YES;
				CLANG_WARN_ENUM_CONVERSION = YES;
				CLANG_WARN_INT_CONVERSION = YES;
				CLANG_WARN_OBJC_ROOT_CLASS = YES_ERROR;
				CLANG_WARN_UNREACHABLE_CODE = YES;
				CLANG_WARN__DUPLICATE_METHOD_MATCH = YES;
				"CODE_SIGN_IDENTITY[sdk=iphoneos*]" = "iPhone Developer";
				COPY_PHASE_STRIP = NO;
				ENABLE_STRICT_OBJC_MSGSEND = YES;
				GCC_C_LANGUAGE_STANDARD = gnu99;
				GCC_DYNAMIC_NO_PIC = NO;
				GCC_OPTIMIZATION_LEVEL = 0;
				GCC_PREPROCESSOR_DEFINITIONS = (
					"DEBUG=1",
					"$(inherited)",
				);
				GCC_SYMBOLS_PRIVATE_EXTERN = NO;
				GCC_WARN_64_TO_32_BIT_CONVERSION = YES;
				GCC_WARN_ABOUT_RETURN_TYPE = YES_ERROR;
				GCC_WARN_UNDECLARED_SELECTOR = YES;
				GCC_WARN_UNINITIALIZED_AUTOS = YES_AGGRESSIVE;
				GCC_WARN_UNUSED_FUNCTION = YES;
				GCC_WARN_UNUSED_VARIABLE = YES;
				IPHONEOS_DEPLOYMENT_TARGET = 8.1;
				MTL_ENABLE_DEBUG_INFO = YES;
				ONLY_ACTIVE_ARCH = YES;
				SDKROOT = iphoneos;
			};
			name = Debug;
		};
		4ADF94B21A951C2100FCF9BD /* Release */ = {
			isa = XCBuildConfiguration;
			buildSettings = {
				ALWAYS_SEARCH_USER_PATHS = NO;
				CLANG_CXX_LANGUAGE_STANDARD = "gnu++0x";
				CLANG_CXX_LIBRARY = "libc++";
				CLANG_ENABLE_MODULES = YES;
				CLANG_ENABLE_OBJC_ARC = YES;
				CLANG_WARN_BOOL_CONVERSION = YES;
				CLANG_WARN_CONSTANT_CONVERSION = YES;
				CLANG_WARN_DIRECT_OBJC_ISA_USAGE = YES_ERROR;
				CLANG_WARN_EMPTY_BODY = YES;
				CLANG_WARN_ENUM_CONVERSION = YES;
				CLANG_WARN_INT_CONVERSION = YES;
				CLANG_WARN_OBJC_ROOT_CLASS = YES_ERROR;
				CLANG_WARN_UNREACHABLE_CODE = YES;
				CLANG_WARN__DUPLICATE_METHOD_MATCH = YES;
				"CODE_SIGN_IDENTITY[sdk=iphoneos*]" = "iPhone Developer";
				COPY_PHASE_STRIP = YES;
				ENABLE_NS_ASSERTIONS = NO;
				ENABLE_STRICT_OBJC_MSGSEND = YES;
				GCC_C_LANGUAGE_STANDARD = gnu99;
				GCC_WARN_64_TO_32_BIT_CONVERSION = YES;
				GCC_WARN_ABOUT_RETURN_TYPE = YES_ERROR;
				GCC_WARN_UNDECLARED_SELECTOR = YES;
				GCC_WARN_UNINITIALIZED_AUTOS = YES_AGGRESSIVE;
				GCC_WARN_UNUSED_FUNCTION = YES;
				GCC_WARN_UNUSED_VARIABLE = YES;
				IPHONEOS_DEPLOYMENT_TARGET = 8.1;
				MTL_ENABLE_DEBUG_INFO = NO;
				SDKROOT = iphoneos;
				VALIDATE_PRODUCT = YES;
			};
			name = Release;
		};
		4ADF94B41A951C2100FCF9BD /* Debug */ = {
			isa = XCBuildConfiguration;
			buildSettings = {
				ASSETCATALOG_COMPILER_APPICON_NAME = AppIcon;
				INFOPLIST_FILE = SCCF/Info.plist;
				LD_RUNPATH_SEARCH_PATHS = "$(inherited) @executable_path/Frameworks";
				PRODUCT_NAME = "$(TARGET_NAME)";
			};
			name = Debug;
		};
		4ADF94B51A951C2100FCF9BD /* Release */ = {
			isa = XCBuildConfiguration;
			buildSettings = {
				ASSETCATALOG_COMPILER_APPICON_NAME = AppIcon;
				INFOPLIST_FILE = SCCF/Info.plist;
				LD_RUNPATH_SEARCH_PATHS = "$(inherited) @executable_path/Frameworks";
				PRODUCT_NAME = "$(TARGET_NAME)";
			};
			name = Release;
		};
		4ADF94B71A951C2100FCF9BD /* Debug */ = {
			isa = XCBuildConfiguration;
			buildSettings = {
				BUNDLE_LOADER = "$(TEST_HOST)";
				FRAMEWORK_SEARCH_PATHS = (
					"$(SDKROOT)/Developer/Library/Frameworks",
					"$(inherited)",
				);
				GCC_PREPROCESSOR_DEFINITIONS = (
					"DEBUG=1",
					"$(inherited)",
				);
				INFOPLIST_FILE = SCCFTests/Info.plist;
				LD_RUNPATH_SEARCH_PATHS = "$(inherited) @executable_path/Frameworks @loader_path/Frameworks";
				PRODUCT_NAME = "$(TARGET_NAME)";
				TEST_HOST = "$(BUILT_PRODUCTS_DIR)/SCCF.app/SCCF";
			};
			name = Debug;
		};
		4ADF94B81A951C2100FCF9BD /* Release */ = {
			isa = XCBuildConfiguration;
			buildSettings = {
				BUNDLE_LOADER = "$(TEST_HOST)";
				FRAMEWORK_SEARCH_PATHS = (
					"$(SDKROOT)/Developer/Library/Frameworks",
					"$(inherited)",
				);
				INFOPLIST_FILE = SCCFTests/Info.plist;
				LD_RUNPATH_SEARCH_PATHS = "$(inherited) @executable_path/Frameworks @loader_path/Frameworks";
				PRODUCT_NAME = "$(TARGET_NAME)";
				TEST_HOST = "$(BUILT_PRODUCTS_DIR)/SCCF.app/SCCF";
			};
			name = Release;
		};
/* End XCBuildConfiguration section */

/* Begin XCConfigurationList section */
		4ADF948B1A951C2100FCF9BD /* Build configuration list for PBXProject "SCCF" */ = {
			isa = XCConfigurationList;
			buildConfigurations = (
				4ADF94B11A951C2100FCF9BD /* Debug */,
				4ADF94B21A951C2100FCF9BD /* Release */,
			);
			defaultConfigurationIsVisible = 0;
			defaultConfigurationName = Release;
		};
		4ADF94B31A951C2100FCF9BD /* Build configuration list for PBXNativeTarget "SCCF" */ = {
			isa = XCConfigurationList;
			buildConfigurations = (
				4ADF94B41A951C2100FCF9BD /* Debug */,
				4ADF94B51A951C2100FCF9BD /* Release */,
			);
			defaultConfigurationIsVisible = 0;
		};
		4ADF94B61A951C2100FCF9BD /* Build configuration list for PBXNativeTarget "SCCFTests" */ = {
			isa = XCConfigurationList;
			buildConfigurations = (
				4ADF94B71A951C2100FCF9BD /* Debug */,
				4ADF94B81A951C2100FCF9BD /* Release */,
			);
			defaultConfigurationIsVisible = 0;
		};
/* End XCConfigurationList section */
	};
	rootObject = 4ADF94881A951C2100FCF9BD /* Project object */;
}
